
Microsoft Visual Studio Solution File, Format Version 12.00
# Visual Studio 2012
Project("{FAE04EC0-301F-11D3-BF4B-00C04F79EFBC}") = "LearningJapanese", "LearningJapanese\LearningJapanese.csproj", "{571B8E8E-2051-4130-9477-F1C025C126B3}"
EndProject
Project("{FAE04EC0-301F-11D3-BF4B-00C04F79EFBC}") = "HarisKontrola", "HarisKontrola\HarisKontrola.csproj", "{0C6B9EEA-3E66-444E-9BDE-5A48C24AECCD}"
EndProject
Global
	GlobalSection(SolutionConfigurationPlatforms) = preSolution
		Debug|Any CPU = Debug|Any CPU
		Release|Any CPU = Release|Any CPU
	EndGlobalSection
	GlobalSection(ProjectConfigurationPlatforms) = postSolution
		{571B8E8E-2051-4130-9477-F1C025C126B3}.Debug|Any CPU.ActiveCfg = Debug|Any CPU
		{571B8E8E-2051-4130-9477-F1C025C126B3}.Debug|Any CPU.Build.0 = Debug|Any CPU
		{571B8E8E-2051-4130-9477-F1C025C126B3}.Release|Any CPU.ActiveCfg = Release|Any CPU
		{571B8E8E-2051-4130-9477-F1C025C126B3}.Release|Any CPU.Build.0 = Release|Any CPU
		{0C6B9EEA-3E66-444E-9BDE-5A48C24AECCD}.Debug|Any CPU.ActiveCfg = Debug|Any CPU
		{0C6B9EEA-3E66-444E-9BDE-5A48C24AECCD}.Debug|Any CPU.Build.0 = Debug|Any CPU
		{0C6B9EEA-3E66-444E-9BDE-5A48C24AECCD}.Release|Any CPU.ActiveCfg = Release|Any CPU
		{0C6B9EEA-3E66-444E-9BDE-5A48C24AECCD}.Release|Any CPU.Build.0 = Release|Any CPU
	EndGlobalSection
	GlobalSection(SolutionProperties) = preSolution
		HideSolutionNode = FALSE
	EndGlobalSection
EndGlobal
